
Microsoft Visual Studio Solution File, Format Version 12.00
# Visual Studio 14
VisualStudioVersion = 14.0.25420.1
MinimumVisualStudioVersion = 10.0.40219.1
Project("{262852C6-CD72-467D-83FE-5EEB1973A190}") = "AgreeAds", "AgreeAds\AgreeAds.jsproj", "{C4218C65-D5FE-4CCA-A44C-D6E858FA306D}"
EndProject
Project("{FAE04EC0-301F-11D3-BF4B-00C04F79EFBC}") = "AgreeAdsServices", "AgreeAdsServices\AgreeAdsServices.csproj", "{DA1D7CF0-BE02-4A7F-BEFB-47BE513CF844}"
EndProject
Project("{FAE04EC0-301F-11D3-BF4B-00C04F79EFBC}") = "AgreeAdsWebApp", "AgreeAdsWebApp\AgreeAdsWebApp.csproj", "{063B205C-63D3-4433-A2CB-C8C3B31E1DE4}"
EndProject
Project("{FAE04EC0-301F-11D3-BF4B-00C04F79EFBC}") = "AgreeAdsDataAccessLayer", "AgreeAdsDataAccessLayer\AgreeAdsDataAccessLayer.csproj", "{74B200E2-2DC7-4C0E-A894-782EEAA8CCCF}"
EndProject
Global
	GlobalSection(SolutionConfigurationPlatforms) = preSolution
		Debug|Android = Debug|Android
		Debug|Any CPU = Debug|Any CPU
		Debug|iOS = Debug|iOS
		Debug|Windows Phone (Universal) = Debug|Windows Phone (Universal)
		Debug|Windows Phone 8 = Debug|Windows Phone 8
		Debug|Windows-AnyCPU = Debug|Windows-AnyCPU
		Debug|Windows-ARM = Debug|Windows-ARM
		Debug|Windows-x64 = Debug|Windows-x64
		Debug|Windows-x86 = Debug|Windows-x86
		Release|Android = Release|Android
		Release|Any CPU = Release|Any CPU
		Release|iOS = Release|iOS
		Release|Windows Phone (Universal) = Release|Windows Phone (Universal)
		Release|Windows Phone 8 = Release|Windows Phone 8
		Release|Windows-AnyCPU = Release|Windows-AnyCPU
		Release|Windows-ARM = Release|Windows-ARM
		Release|Windows-x64 = Release|Windows-x64
		Release|Windows-x86 = Release|Windows-x86
	EndGlobalSection
	GlobalSection(ProjectConfigurationPlatforms) = postSolution
		{C4218C65-D5FE-4CCA-A44C-D6E858FA306D}.Debug|Android.ActiveCfg = Debug|Android
		{C4218C65-D5FE-4CCA-A44C-D6E858FA306D}.Debug|Android.Build.0 = Debug|Android
		{C4218C65-D5FE-4CCA-A44C-D6E858FA306D}.Debug|Android.Deploy.0 = Debug|Android
		{C4218C65-D5FE-4CCA-A44C-D6E858FA306D}.Debug|Any CPU.ActiveCfg = Debug|Android
		{C4218C65-D5FE-4CCA-A44C-D6E858FA306D}.Debug|iOS.ActiveCfg = Debug|iOS
		{C4218C65-D5FE-4CCA-A44C-D6E858FA306D}.Debug|iOS.Build.0 = Debug|iOS
		{C4218C65-D5FE-4CCA-A44C-D6E858FA306D}.Debug|iOS.Deploy.0 = Debug|iOS
		{C4218C65-D5FE-4CCA-A44C-D6E858FA306D}.Debug|Windows Phone (Universal).ActiveCfg = Debug|Windows Phone (Universal)
		{C4218C65-D5FE-4CCA-A44C-D6E858FA306D}.Debug|Windows Phone (Universal).Build.0 = Debug|Windows Phone (Universal)
		{C4218C65-D5FE-4CCA-A44C-D6E858FA306D}.Debug|Windows Phone (Universal).Deploy.0 = Debug|Windows Phone (Universal)
		{C4218C65-D5FE-4CCA-A44C-D6E858FA306D}.Debug|Windows Phone 8.ActiveCfg = Debug|Windows Phone 8
		{C4218C65-D5FE-4CCA-A44C-D6E858FA306D}.Debug|Windows Phone 8.Build.0 = Debug|Windows Phone 8
		{C4218C65-D5FE-4CCA-A44C-D6E858FA306D}.Debug|Windows Phone 8.Deploy.0 = Debug|Windows Phone 8
		{C4218C65-D5FE-4CCA-A44C-D6E858FA306D}.Debug|Windows-AnyCPU.ActiveCfg = Debug|Windows-AnyCPU
		{C4218C65-D5FE-4CCA-A44C-D6E858FA306D}.Debug|Windows-AnyCPU.Build.0 = Debug|Windows-AnyCPU
		{C4218C65-D5FE-4CCA-A44C-D6E858FA306D}.Debug|Windows-AnyCPU.Deploy.0 = Debug|Windows-AnyCPU
		{C4218C65-D5FE-4CCA-A44C-D6E858FA306D}.Debug|Windows-ARM.ActiveCfg = Debug|Windows-ARM
		{C4218C65-D5FE-4CCA-A44C-D6E858FA306D}.Debug|Windows-ARM.Build.0 = Debug|Windows-ARM
		{C4218C65-D5FE-4CCA-A44C-D6E858FA306D}.Debug|Windows-ARM.Deploy.0 = Debug|Windows-ARM
		{C4218C65-D5FE-4CCA-A44C-D6E858FA306D}.Debug|Windows-x64.ActiveCfg = Debug|Windows-x64
		{C4218C65-D5FE-4CCA-A44C-D6E858FA306D}.Debug|Windows-x64.Build.0 = Debug|Windows-x64
		{C4218C65-D5FE-4CCA-A44C-D6E858FA306D}.Debug|Windows-x64.Deploy.0 = Debug|Windows-x64
		{C4218C65-D5FE-4CCA-A44C-D6E858FA306D}.Debug|Windows-x86.ActiveCfg = Debug|Windows-x86
		{C4218C65-D5FE-4CCA-A44C-D6E858FA306D}.Debug|Windows-x86.Build.0 = Debug|Windows-x86
		{C4218C65-D5FE-4CCA-A44C-D6E858FA306D}.Debug|Windows-x86.Deploy.0 = Debug|Windows-x86
		{C4218C65-D5FE-4CCA-A44C-D6E858FA306D}.Release|Android.ActiveCfg = Release|Android
		{C4218C65-D5FE-4CCA-A44C-D6E858FA306D}.Release|Android.Build.0 = Release|Android
		{C4218C65-D5FE-4CCA-A44C-D6E858FA306D}.Release|Android.Deploy.0 = Release|Android
		{C4218C65-D5FE-4CCA-A44C-D6E858FA306D}.Release|Any CPU.ActiveCfg = Release|Android
		{C4218C65-D5FE-4CCA-A44C-D6E858FA306D}.Release|iOS.ActiveCfg = Release|iOS
		{C4218C65-D5FE-4CCA-A44C-D6E858FA306D}.Release|iOS.Build.0 = Release|iOS
		{C4218C65-D5FE-4CCA-A44C-D6E858FA306D}.Release|iOS.Deploy.0 = Release|iOS
		{C4218C65-D5FE-4CCA-A44C-D6E858FA306D}.Release|Windows Phone (Universal).ActiveCfg = Release|Windows Phone (Universal)
		{C4218C65-D5FE-4CCA-A44C-D6E858FA306D}.Release|Windows Phone (Universal).Build.0 = Release|Windows Phone (Universal)
		{C4218C65-D5FE-4CCA-A44C-D6E858FA306D}.Release|Windows Phone (Universal).Deploy.0 = Release|Windows Phone (Universal)
		{C4218C65-D5FE-4CCA-A44C-D6E858FA306D}.Release|Windows Phone 8.ActiveCfg = Release|Windows Phone 8
		{C4218C65-D5FE-4CCA-A44C-D6E858FA306D}.Release|Windows Phone 8.Build.0 = Release|Windows Phone 8
		{C4218C65-D5FE-4CCA-A44C-D6E858FA306D}.Release|Windows Phone 8.Deploy.0 = Release|Windows Phone 8
		{C4218C65-D5FE-4CCA-A44C-D6E858FA306D}.Release|Windows-AnyCPU.ActiveCfg = Release|Windows-AnyCPU
		{C4218C65-D5FE-4CCA-A44C-D6E858FA306D}.Release|Windows-AnyCPU.Build.0 = Release|Windows-AnyCPU
		{C4218C65-D5FE-4CCA-A44C-D6E858FA306D}.Release|Windows-AnyCPU.Deploy.0 = Release|Windows-AnyCPU
		{C4218C65-D5FE-4CCA-A44C-D6E858FA306D}.Release|Windows-ARM.ActiveCfg = Release|Windows-ARM
		{C4218C65-D5FE-4CCA-A44C-D6E858FA306D}.Release|Windows-ARM.Build.0 = Release|Windows-ARM
		{C4218C65-D5FE-4CCA-A44C-D6E858FA306D}.Release|Windows-ARM.Deploy.0 = Release|Windows-ARM
		{C4218C65-D5FE-4CCA-A44C-D6E858FA306D}.Release|Windows-x64.ActiveCfg = Release|Windows-x64
		{C4218C65-D5FE-4CCA-A44C-D6E858FA306D}.Release|Windows-x64.Build.0 = Release|Windows-x64
		{C4218C65-D5FE-4CCA-A44C-D6E858FA306D}.Release|Windows-x64.Deploy.0 = Release|Windows-x64
		{C4218C65-D5FE-4CCA-A44C-D6E858FA306D}.Release|Windows-x86.ActiveCfg = Release|Windows-x86
		{C4218C65-D5FE-4CCA-A44C-D6E858FA306D}.Release|Windows-x86.Build.0 = Release|Windows-x86
		{C4218C65-D5FE-4CCA-A44C-D6E858FA306D}.Release|Windows-x86.Deploy.0 = Release|Windows-x86
		{DA1D7CF0-BE02-4A7F-BEFB-47BE513CF844}.Debug|Android.ActiveCfg = Debug|Any CPU
		{DA1D7CF0-BE02-4A7F-BEFB-47BE513CF844}.Debug|Android.Build.0 = Debug|Any CPU
		{DA1D7CF0-BE02-4A7F-BEFB-47BE513CF844}.Debug|Any CPU.ActiveCfg = Debug|Any CPU
		{DA1D7CF0-BE02-4A7F-BEFB-47BE513CF844}.Debug|Any CPU.Build.0 = Debug|Any CPU
		{DA1D7CF0-BE02-4A7F-BEFB-47BE513CF844}.Debug|iOS.ActiveCfg = Debug|Any CPU
		{DA1D7CF0-BE02-4A7F-BEFB-47BE513CF844}.Debug|iOS.Build.0 = Debug|Any CPU
		{DA1D7CF0-BE02-4A7F-BEFB-47BE513CF844}.Debug|Windows Phone (Universal).ActiveCfg = Debug|Any CPU
		{DA1D7CF0-BE02-4A7F-BEFB-47BE513CF844}.Debug|Windows Phone (Universal).Build.0 = Debug|Any CPU
		{DA1D7CF0-BE02-4A7F-BEFB-47BE513CF844}.Debug|Windows Phone 8.ActiveCfg = Debug|Any CPU
		{DA1D7CF0-BE02-4A7F-BEFB-47BE513CF844}.Debug|Windows Phone 8.Build.0 = Debug|Any CPU
		{DA1D7CF0-BE02-4A7F-BEFB-47BE513CF844}.Debug|Windows-AnyCPU.ActiveCfg = Debug|Any CPU
		{DA1D7CF0-BE02-4A7F-BEFB-47BE513CF844}.Debug|Windows-AnyCPU.Build.0 = Debug|Any CPU
		{DA1D7CF0-BE02-4A7F-BEFB-47BE513CF844}.Debug|Windows-ARM.ActiveCfg = Debug|Any CPU
		{DA1D7CF0-BE02-4A7F-BEFB-47BE513CF844}.Debug|Windows-ARM.Build.0 = Debug|Any CPU
		{DA1D7CF0-BE02-4A7F-BEFB-47BE513CF844}.Debug|Windows-x64.ActiveCfg = Debug|Any CPU
		{DA1D7CF0-BE02-4A7F-BEFB-47BE513CF844}.Debug|Windows-x64.Build.0 = Debug|Any CPU
		{DA1D7CF0-BE02-4A7F-BEFB-47BE513CF844}.Debug|Windows-x86.ActiveCfg = Debug|Any CPU
		{DA1D7CF0-BE02-4A7F-BEFB-47BE513CF844}.Debug|Windows-x86.Build.0 = Debug|Any CPU
		{DA1D7CF0-BE02-4A7F-BEFB-47BE513CF844}.Release|Android.ActiveCfg = Release|Any CPU
		{DA1D7CF0-BE02-4A7F-BEFB-47BE513CF844}.Release|Android.Build.0 = Release|Any CPU
		{DA1D7CF0-BE02-4A7F-BEFB-47BE513CF844}.Release|Any CPU.ActiveCfg = Release|Any CPU
		{DA1D7CF0-BE02-4A7F-BEFB-47BE513CF844}.Release|Any CPU.Build.0 = Release|Any CPU
		{DA1D7CF0-BE02-4A7F-BEFB-47BE513CF844}.Release|iOS.ActiveCfg = Release|Any CPU
		{DA1D7CF0-BE02-4A7F-BEFB-47BE513CF844}.Release|iOS.Build.0 = Release|Any CPU
		{DA1D7CF0-BE02-4A7F-BEFB-47BE513CF844}.Release|Windows Phone (Universal).ActiveCfg = Release|Any CPU
		{DA1D7CF0-BE02-4A7F-BEFB-47BE513CF844}.Release|Windows Phone (Universal).Build.0 = Release|Any CPU
		{DA1D7CF0-BE02-4A7F-BEFB-47BE513CF844}.Release|Windows Phone 8.ActiveCfg = Release|Any CPU
		{DA1D7CF0-BE02-4A7F-BEFB-47BE513CF844}.Release|Windows Phone 8.Build.0 = Release|Any CPU
		{DA1D7CF0-BE02-4A7F-BEFB-47BE513CF844}.Release|Windows-AnyCPU.ActiveCfg = Release|Any CPU
		{DA1D7CF0-BE02-4A7F-BEFB-47BE513CF844}.Release|Windows-AnyCPU.Build.0 = Release|Any CPU
		{DA1D7CF0-BE02-4A7F-BEFB-47BE513CF844}.Release|Windows-ARM.ActiveCfg = Release|Any CPU
		{DA1D7CF0-BE02-4A7F-BEFB-47BE513CF844}.Release|Windows-ARM.Build.0 = Release|Any CPU
		{DA1D7CF0-BE02-4A7F-BEFB-47BE513CF844}.Release|Windows-x64.ActiveCfg = Release|Any CPU
		{DA1D7CF0-BE02-4A7F-BEFB-47BE513CF844}.Release|Windows-x64.Build.0 = Release|Any CPU
		{DA1D7CF0-BE02-4A7F-BEFB-47BE513CF844}.Release|Windows-x86.ActiveCfg = Release|Any CPU
		{DA1D7CF0-BE02-4A7F-BEFB-47BE513CF844}.Release|Windows-x86.Build.0 = Release|Any CPU
		{063B205C-63D3-4433-A2CB-C8C3B31E1DE4}.Debug|Android.ActiveCfg = Debug|Any CPU
		{063B205C-63D3-4433-A2CB-C8C3B31E1DE4}.Debug|Android.Build.0 = Debug|Any CPU
		{063B205C-63D3-4433-A2CB-C8C3B31E1DE4}.Debug|Any CPU.ActiveCfg = Debug|Any CPU
		{063B205C-63D3-4433-A2CB-C8C3B31E1DE4}.Debug|Any CPU.Build.0 = Debug|Any CPU
		{063B205C-63D3-4433-A2CB-C8C3B31E1DE4}.Debug|iOS.ActiveCfg = Debug|Any CPU
		{063B205C-63D3-4433-A2CB-C8C3B31E1DE4}.Debug|iOS.Build.0 = Debug|Any CPU
		{063B205C-63D3-4433-A2CB-C8C3B31E1DE4}.Debug|Windows Phone (Universal).ActiveCfg = Debug|Any CPU
		{063B205C-63D3-4433-A2CB-C8C3B31E1DE4}.Debug|Windows Phone (Universal).Build.0 = Debug|Any CPU
		{063B205C-63D3-4433-A2CB-C8C3B31E1DE4}.Debug|Windows Phone 8.ActiveCfg = Debug|Any CPU
		{063B205C-63D3-4433-A2CB-C8C3B31E1DE4}.Debug|Windows Phone 8.Build.0 = Debug|Any CPU
		{063B205C-63D3-4433-A2CB-C8C3B31E1DE4}.Debug|Windows-AnyCPU.ActiveCfg = Debug|Any CPU
		{063B205C-63D3-4433-A2CB-C8C3B31E1DE4}.Debug|Windows-AnyCPU.Build.0 = Debug|Any CPU
		{063B205C-63D3-4433-A2CB-C8C3B31E1DE4}.Debug|Windows-ARM.ActiveCfg = Debug|Any CPU
		{063B205C-63D3-4433-A2CB-C8C3B31E1DE4}.Debug|Windows-ARM.Build.0 = Debug|Any CPU
		{063B205C-63D3-4433-A2CB-C8C3B31E1DE4}.Debug|Windows-x64.ActiveCfg = Debug|Any CPU
		{063B205C-63D3-4433-A2CB-C8C3B31E1DE4}.Debug|Windows-x64.Build.0 = Debug|Any CPU
		{063B205C-63D3-4433-A2CB-C8C3B31E1DE4}.Debug|Windows-x86.ActiveCfg = Debug|Any CPU
		{063B205C-63D3-4433-A2CB-C8C3B31E1DE4}.Debug|Windows-x86.Build.0 = Debug|Any CPU
		{063B205C-63D3-4433-A2CB-C8C3B31E1DE4}.Release|Android.ActiveCfg = Release|Any CPU
		{063B205C-63D3-4433-A2CB-C8C3B31E1DE4}.Release|Android.Build.0 = Release|Any CPU
		{063B205C-63D3-4433-A2CB-C8C3B31E1DE4}.Release|Any CPU.ActiveCfg = Release|Any CPU
		{063B205C-63D3-4433-A2CB-C8C3B31E1DE4}.Release|Any CPU.Build.0 = Release|Any CPU
		{063B205C-63D3-4433-A2CB-C8C3B31E1DE4}.Release|iOS.ActiveCfg = Release|Any CPU
		{063B205C-63D3-4433-A2CB-C8C3B31E1DE4}.Release|iOS.Build.0 = Release|Any CPU
		{063B205C-63D3-4433-A2CB-C8C3B31E1DE4}.Release|Windows Phone (Universal).ActiveCfg = Release|Any CPU
		{063B205C-63D3-4433-A2CB-C8C3B31E1DE4}.Release|Windows Phone (Universal).Build.0 = Release|Any CPU
		{063B205C-63D3-4433-A2CB-C8C3B31E1DE4}.Release|Windows Phone 8.ActiveCfg = Release|Any CPU
		{063B205C-63D3-4433-A2CB-C8C3B31E1DE4}.Release|Windows Phone 8.Build.0 = Release|Any CPU
		{063B205C-63D3-4433-A2CB-C8C3B31E1DE4}.Release|Windows-AnyCPU.ActiveCfg = Release|Any CPU
		{063B205C-63D3-4433-A2CB-C8C3B31E1DE4}.Release|Windows-AnyCPU.Build.0 = Release|Any CPU
		{063B205C-63D3-4433-A2CB-C8C3B31E1DE4}.Release|Windows-ARM.ActiveCfg = Release|Any CPU
		{063B205C-63D3-4433-A2CB-C8C3B31E1DE4}.Release|Windows-ARM.Build.0 = Release|Any CPU
		{063B205C-63D3-4433-A2CB-C8C3B31E1DE4}.Release|Windows-x64.ActiveCfg = Release|Any CPU
		{063B205C-63D3-4433-A2CB-C8C3B31E1DE4}.Release|Windows-x64.Build.0 = Release|Any CPU
		{063B205C-63D3-4433-A2CB-C8C3B31E1DE4}.Release|Windows-x86.ActiveCfg = Release|Any CPU
		{063B205C-63D3-4433-A2CB-C8C3B31E1DE4}.Release|Windows-x86.Build.0 = Release|Any CPU
		{74B200E2-2DC7-4C0E-A894-782EEAA8CCCF}.Debug|Android.ActiveCfg = Debug|Any CPU
		{74B200E2-2DC7-4C0E-A894-782EEAA8CCCF}.Debug|Android.Build.0 = Debug|Any CPU
		{74B200E2-2DC7-4C0E-A894-782EEAA8CCCF}.Debug|Any CPU.ActiveCfg = Debug|Any CPU
		{74B200E2-2DC7-4C0E-A894-782EEAA8CCCF}.Debug|Any CPU.Build.0 = Debug|Any CPU
		{74B200E2-2DC7-4C0E-A894-782EEAA8CCCF}.Debug|iOS.ActiveCfg = Debug|Any CPU
		{74B200E2-2DC7-4C0E-A894-782EEAA8CCCF}.Debug|iOS.Build.0 = Debug|Any CPU
		{74B200E2-2DC7-4C0E-A894-782EEAA8CCCF}.Debug|Windows Phone (Universal).ActiveCfg = Debug|Any CPU
		{74B200E2-2DC7-4C0E-A894-782EEAA8CCCF}.Debug|Windows Phone (Universal).Build.0 = Debug|Any CPU
		{74B200E2-2DC7-4C0E-A894-782EEAA8CCCF}.Debug|Windows Phone 8.ActiveCfg = Debug|Any CPU
		{74B200E2-2DC7-4C0E-A894-782EEAA8CCCF}.Debug|Windows Phone 8.Build.0 = Debug|Any CPU
		{74B200E2-2DC7-4C0E-A894-782EEAA8CCCF}.Debug|Windows-AnyCPU.ActiveCfg = Debug|Any CPU
		{74B200E2-2DC7-4C0E-A894-782EEAA8CCCF}.Debug|Windows-AnyCPU.Build.0 = Debug|Any CPU
		{74B200E2-2DC7-4C0E-A894-782EEAA8CCCF}.Debug|Windows-ARM.ActiveCfg = Debug|Any CPU
		{74B200E2-2DC7-4C0E-A894-782EEAA8CCCF}.Debug|Windows-ARM.Build.0 = Debug|Any CPU
		{74B200E2-2DC7-4C0E-A894-782EEAA8CCCF}.Debug|Windows-x64.ActiveCfg = Debug|Any CPU
		{74B200E2-2DC7-4C0E-A894-782EEAA8CCCF}.Debug|Windows-x64.Build.0 = Debug|Any CPU
		{74B200E2-2DC7-4C0E-A894-782EEAA8CCCF}.Debug|Windows-x86.ActiveCfg = Debug|Any CPU
		{74B200E2-2DC7-4C0E-A894-782EEAA8CCCF}.Debug|Windows-x86.Build.0 = Debug|Any CPU
		{74B200E2-2DC7-4C0E-A894-782EEAA8CCCF}.Release|Android.ActiveCfg = Release|Any CPU
		{74B200E2-2DC7-4C0E-A894-782EEAA8CCCF}.Release|Android.Build.0 = Release|Any CPU
		{74B200E2-2DC7-4C0E-A894-782EEAA8CCCF}.Release|Any CPU.ActiveCfg = Release|Any CPU
		{74B200E2-2DC7-4C0E-A894-782EEAA8CCCF}.Release|Any CPU.Build.0 = Release|Any CPU
		{74B200E2-2DC7-4C0E-A894-782EEAA8CCCF}.Release|iOS.ActiveCfg = Release|Any CPU
		{74B200E2-2DC7-4C0E-A894-782EEAA8CCCF}.Release|iOS.Build.0 = Release|Any CPU
		{74B200E2-2DC7-4C0E-A894-782EEAA8CCCF}.Release|Windows Phone (Universal).ActiveCfg = Release|Any CPU
		{74B200E2-2DC7-4C0E-A894-782EEAA8CCCF}.Release|Windows Phone (Universal).Build.0 = Release|Any CPU
		{74B200E2-2DC7-4C0E-A894-782EEAA8CCCF}.Release|Windows Phone 8.ActiveCfg = Release|Any CPU
		{74B200E2-2DC7-4C0E-A894-782EEAA8CCCF}.Release|Windows Phone 8.Build.0 = Release|Any CPU
		{74B200E2-2DC7-4C0E-A894-782EEAA8CCCF}.Release|Windows-AnyCPU.ActiveCfg = Release|Any CPU
		{74B200E2-2DC7-4C0E-A894-782EEAA8CCCF}.Release|Windows-AnyCPU.Build.0 = Release|Any CPU
		{74B200E2-2DC7-4C0E-A894-782EEAA8CCCF}.Release|Windows-ARM.ActiveCfg = Release|Any CPU
		{74B200E2-2DC7-4C0E-A894-782EEAA8CCCF}.Release|Windows-ARM.Build.0 = Release|Any CPU
		{74B200E2-2DC7-4C0E-A894-782EEAA8CCCF}.Release|Windows-x64.ActiveCfg = Release|Any CPU
		{74B200E2-2DC7-4C0E-A894-782EEAA8CCCF}.Release|Windows-x64.Build.0 = Release|Any CPU
		{74B200E2-2DC7-4C0E-A894-782EEAA8CCCF}.Release|Windows-x86.ActiveCfg = Release|Any CPU
		{74B200E2-2DC7-4C0E-A894-782EEAA8CCCF}.Release|Windows-x86.Build.0 = Release|Any CPU
	EndGlobalSection
	GlobalSection(SolutionProperties) = preSolution
		HideSolutionNode = FALSE
	EndGlobalSection
EndGlobal
